
Microsoft Visual Studio Solution File, Format Version 12.00
# Visual Studio 15
VisualStudioVersion = 15.0.28010.2016
MinimumVisualStudioVersion = 10.0.40219.1
Project("{2150E333-8FDC-42A3-9474-1A3956D46DE8}") = "01_AddableList", "01_AddableList", "{09BAA0E5-5487-4927-AEBE-6E3ED5F10F99}"
EndProject
Project("{FAE04EC0-301F-11D3-BF4B-00C04F79EFBC}") = "AddableList", "01_AddableList\AddableList\AddableList.csproj", "{0EDFA557-365E-49A2-970E-081BEFC456D4}"
EndProject
Project("{2150E333-8FDC-42A3-9474-1A3956D46DE8}") = "Solution Items", "Solution Items", "{1F52389D-4003-4E06-99D2-E2F39D092887}"
	ProjectSection(SolutionItems) = preProject
		README.md = README.md
	EndProjectSection
EndProject
Global
	GlobalSection(SolutionConfigurationPlatforms) = preSolution
		Debug|Any CPU = Debug|Any CPU
		Release|Any CPU = Release|Any CPU
	EndGlobalSection
	GlobalSection(ProjectConfigurationPlatforms) = postSolution
		{0EDFA557-365E-49A2-970E-081BEFC456D4}.Debug|Any CPU.ActiveCfg = Debug|Any CPU
		{0EDFA557-365E-49A2-970E-081BEFC456D4}.Debug|Any CPU.Build.0 = Debug|Any CPU
		{0EDFA557-365E-49A2-970E-081BEFC456D4}.Release|Any CPU.ActiveCfg = Release|Any CPU
		{0EDFA557-365E-49A2-970E-081BEFC456D4}.Release|Any CPU.Build.0 = Release|Any CPU
	EndGlobalSection
	GlobalSection(SolutionProperties) = preSolution
		HideSolutionNode = FALSE
	EndGlobalSection
	GlobalSection(NestedProjects) = preSolution
		{0EDFA557-365E-49A2-970E-081BEFC456D4} = {09BAA0E5-5487-4927-AEBE-6E3ED5F10F99}
	EndGlobalSection
	GlobalSection(ExtensibilityGlobals) = postSolution
		SolutionGuid = {A20A70D1-9D22-4070-9F7F-386BF2245966}
	EndGlobalSection
EndGlobal
